
Microsoft Visual Studio Solution File, Format Version 12.00
# Visual Studio Version 17
VisualStudioVersion = 17.6.33815.320
MinimumVisualStudioVersion = 10.0.40219.1
Project("{8BC9CEB8-8B4A-11D0-8D11-00A0C91BC942}") = "SimilarityChecker", "SimilarityChecker\SimilarityChecker.vcxproj", "{5D99B965-10DB-4F16-BF4C-A25699B521F9}"
EndProject
Project("{8BC9CEB8-8B4A-11D0-8D11-00A0C91BC942}") = "SimilarityChecker_TEST", "SimilarityChecker_TEST\SimilarityChecker_TEST.vcxproj", "{75497F0E-A2A5-4894-A90D-4A342C3BE241}"
EndProject
Project("{2150E333-8FDC-42A3-9474-1A3956D46DE8}") = "솔루션 항목", "솔루션 항목", "{1A736FFE-3392-4FD3-8F67-D1B54D5044F3}"
	ProjectSection(SolutionItems) = preProject
		.gitignore = .gitignore
		README.md = README.md
	EndProjectSection
EndProject
Global
	GlobalSection(SolutionConfigurationPlatforms) = preSolution
		Debug|x64 = Debug|x64
		Debug|x86 = Debug|x86
		Release|x64 = Release|x64
		Release|x86 = Release|x86
	EndGlobalSection
	GlobalSection(ProjectConfigurationPlatforms) = postSolution
		{5D99B965-10DB-4F16-BF4C-A25699B521F9}.Debug|x64.ActiveCfg = Debug|x64
		{5D99B965-10DB-4F16-BF4C-A25699B521F9}.Debug|x64.Build.0 = Debug|x64
		{5D99B965-10DB-4F16-BF4C-A25699B521F9}.Debug|x86.ActiveCfg = Debug|Win32
		{5D99B965-10DB-4F16-BF4C-A25699B521F9}.Debug|x86.Build.0 = Debug|Win32
		{5D99B965-10DB-4F16-BF4C-A25699B521F9}.Release|x64.ActiveCfg = Release|x64
		{5D99B965-10DB-4F16-BF4C-A25699B521F9}.Release|x64.Build.0 = Release|x64
		{5D99B965-10DB-4F16-BF4C-A25699B521F9}.Release|x86.ActiveCfg = Release|Win32
		{5D99B965-10DB-4F16-BF4C-A25699B521F9}.Release|x86.Build.0 = Release|Win32
		{75497F0E-A2A5-4894-A90D-4A342C3BE241}.Debug|x64.ActiveCfg = Debug|x64
		{75497F0E-A2A5-4894-A90D-4A342C3BE241}.Debug|x64.Build.0 = Debug|x64
		{75497F0E-A2A5-4894-A90D-4A342C3BE241}.Debug|x86.ActiveCfg = Debug|Win32
		{75497F0E-A2A5-4894-A90D-4A342C3BE241}.Debug|x86.Build.0 = Debug|Win32
		{75497F0E-A2A5-4894-A90D-4A342C3BE241}.Release|x64.ActiveCfg = Release|x64
		{75497F0E-A2A5-4894-A90D-4A342C3BE241}.Release|x64.Build.0 = Release|x64
		{75497F0E-A2A5-4894-A90D-4A342C3BE241}.Release|x86.ActiveCfg = Release|Win32
		{75497F0E-A2A5-4894-A90D-4A342C3BE241}.Release|x86.Build.0 = Release|Win32
	EndGlobalSection
	GlobalSection(SolutionProperties) = preSolution
		HideSolutionNode = FALSE
	EndGlobalSection
	GlobalSection(ExtensibilityGlobals) = postSolution
		SolutionGuid = {FB45EB74-31DA-4675-8E8A-DEAD6E49D518}
	EndGlobalSection
EndGlobal
